// !$*UTF8*$!
{
	archiveVersion = 1;
	classes = {
	};
	objectVersion = 46;
	objects = {

/* Begin PBXBuildFile section */
		0207DA581B56EA530066E2B4 /* Images.xcassets in Resources */ = {isa = PBXBuildFile; fileRef = 0207DA571B56EA530066E2B4 /* Images.xcassets */; };
		16370E44D9CC47AF8C95859C /* CDVJpegHeaderWriter.m in Sources */ = {isa = PBXBuildFile; fileRef = F437AEE79209497C965D570D /* CDVJpegHeaderWriter.m */; };
		1D3623260D0F684500981E51 /* AppDelegate.m in Sources */ = {isa = PBXBuildFile; fileRef = 1D3623250D0F684500981E51 /* AppDelegate.m */; };
		1D60589B0D05DD56006BFB54 /* main.m in Sources */ = {isa = PBXBuildFile; fileRef = 29B97316FDCFA39411CA2CEA /* main.m */; };
		28BADB88FE084D268A450714 /* CoreLocation.framework in Frameworks */ = {isa = PBXBuildFile; fileRef = 89B313B1F39B425197BCB326 /* CoreLocation.framework */; };
		301BF552109A68D80062928A /* libCordova.a in Frameworks */ = {isa = PBXBuildFile; fileRef = 301BF535109A57CC0062928A /* libCordova.a */; };
		302D95F114D2391D003F00A1 /* MainViewController.m in Sources */ = {isa = PBXBuildFile; fileRef = 302D95EF14D2391D003F00A1 /* MainViewController.m */; };
		302D95F214D2391D003F00A1 /* MainViewController.xib in Resources */ = {isa = PBXBuildFile; fileRef = 302D95F014D2391D003F00A1 /* MainViewController.xib */; };
		3047A5121AB8059700498E2A /* build-debug.xcconfig in Resources */ = {isa = PBXBuildFile; fileRef = 3047A50F1AB8059700498E2A /* build-debug.xcconfig */; };
		3047A5131AB8059700498E2A /* build-release.xcconfig in Resources */ = {isa = PBXBuildFile; fileRef = 3047A5101AB8059700498E2A /* build-release.xcconfig */; };
		3047A5141AB8059700498E2A /* build.xcconfig in Resources */ = {isa = PBXBuildFile; fileRef = 3047A5111AB8059700498E2A /* build.xcconfig */; };
		37F51ED1FF4041998A004050 /* CDVAssetLibraryFilesystem.m in Sources */ = {isa = PBXBuildFile; fileRef = B2644AF3421C43C4AD5C9C1A /* CDVAssetLibraryFilesystem.m */; };
		445724A92FFF4EFBABD66A0C /* CDVConnection.m in Sources */ = {isa = PBXBuildFile; fileRef = FD1521C7329F470B959530F8 /* CDVConnection.m */; };
		52B15D0640F7475385B62CE5 /* AVFoundation.framework in Frameworks */ = {isa = PBXBuildFile; fileRef = 8E40CB399D934BAAB23C994F /* AVFoundation.framework */; };
		5D788F6B33F44DCFBF443685 /* CDVReachability.m in Sources */ = {isa = PBXBuildFile; fileRef = A8023C80D2DB47CEAEF3E324 /* CDVReachability.m */; };
		619833DC323A4CC1AFE4D312 /* CDVCamera.m in Sources */ = {isa = PBXBuildFile; fileRef = 7C6A6E55FB7A4032B47A3A53 /* CDVCamera.m */; };
		65FEFE7B23334A9FB97C1F49 /* FileOpener2.m in Sources */ = {isa = PBXBuildFile; fileRef = 8B5BE8DF029F4283AE7A4A76 /* FileOpener2.m */; };
		73739795FB1145E1B3C33EA9 /* CDVSplashScreen.m in Sources */ = {isa = PBXBuildFile; fileRef = C01B0DA3A92341E985857989 /* CDVSplashScreen.m */; };
		7A0DC762A9354E70B95E206B /* CDVStatusBar.m in Sources */ = {isa = PBXBuildFile; fileRef = ED2ABF50C9CB4088BE5F2BAC /* CDVStatusBar.m */; };
		831FA1E1930B411FB4442DCE /* CoreTelephony.framework in Frameworks */ = {isa = PBXBuildFile; fileRef = 3CF59D715AE8494FB2E7B21E /* CoreTelephony.framework */; };
		92B9E23D6930421793FDB9A0 /* CDVViewController+SplashScreen.m in Sources */ = {isa = PBXBuildFile; fileRef = 0EFC3FEBA1F64A2CB48F9A8B /* CDVViewController+SplashScreen.m */; };
		9E2C4BE9F0AD4C2C9512F78B /* ImageIO.framework in Frameworks */ = {isa = PBXBuildFile; fileRef = 74F98C705E214B92BB721279 /* ImageIO.framework */; settings = {ATTRIBUTES = (Weak, ); }; };
		9E42682004D74DFC98650466 /* CDVCapture.m in Sources */ = {isa = PBXBuildFile; fileRef = 7AEF2F463DC44CAD97042DFA /* CDVCapture.m */; };
		AEDC3E6DD0D14835801B2DD4 /* CDVFileTransfer.m in Sources */ = {isa = PBXBuildFile; fileRef = 4BF9A593972B4B6AB5EA32FD /* CDVFileTransfer.m */; };
		C38C47AD95DE43E2871BC7D8 /* CDVViewController+UpdateSupportedOrientations.m in Sources */ = {isa = PBXBuildFile; fileRef = B5618AC6212D4E6D8AFE89F9 /* CDVViewController+UpdateSupportedOrientations.m */; };
		C3AE67308F4148F1B3035EC4 /* CDVLocalFilesystem.m in Sources */ = {isa = PBXBuildFile; fileRef = 6AE73262D5ED4E959FC22D79 /* CDVLocalFilesystem.m */; };
		C4EC82A547FB411DA7C4741B /* SystemConfiguration.framework in Frameworks */ = {isa = PBXBuildFile; fileRef = C082A1B4293544EFA1B7B725 /* SystemConfiguration.framework */; settings = {ATTRIBUTES = (Weak, ); }; };
		C582C332236944EAB4132A85 /* CDVFile.m in Sources */ = {isa = PBXBuildFile; fileRef = 92D06349A17E4E92BF19DDFA /* CDVFile.m */; };
		C63D780DDDA0444998DA6F0E /* CDVCapture.bundle in Resources */ = {isa = PBXBuildFile; fileRef = 6DF99E0EF68A4509B278F3D0 /* CDVCapture.bundle */; };
		C9CC77D2E1F245B3A6C5113B /* CDVLocation.m in Sources */ = {isa = PBXBuildFile; fileRef = 6374499D13794BD7A90AAAD1 /* CDVLocation.m */; };
		E3E438F782094EB989DA31C2 /* CDVInAppBrowser.m in Sources */ = {isa = PBXBuildFile; fileRef = B3C2E0DFE03B435E9095A3F2 /* CDVInAppBrowser.m */; };
		EDE6BE04C51C4CB5AFF1707D /* UIImage+CropScaleOrientation.m in Sources */ = {isa = PBXBuildFile; fileRef = 39283F88262F481F8C9960B6 /* UIImage+CropScaleOrientation.m */; };
		F38FF0A8020E4D569DC81D08 /* YoikScreenOrientation.m in Sources */ = {isa = PBXBuildFile; fileRef = BBB436DCED4C41C68A8EB2D5 /* YoikScreenOrientation.m */; };
/* End PBXBuildFile section */

/* Begin PBXContainerItemProxy section */
		301BF534109A57CC0062928A /* PBXContainerItemProxy */ = {
			isa = PBXContainerItemProxy;
			containerPortal = 301BF52D109A57CC0062928A /* CordovaLib.xcodeproj */;
			proxyType = 2;
			remoteGlobalIDString = D2AAC07E0554694100DB518D;
			remoteInfo = CordovaLib;
		};
		301BF550109A68C00062928A /* PBXContainerItemProxy */ = {
			isa = PBXContainerItemProxy;
			containerPortal = 301BF52D109A57CC0062928A /* CordovaLib.xcodeproj */;
			proxyType = 1;
			remoteGlobalIDString = D2AAC07D0554694100DB518D;
			remoteInfo = CordovaLib;
		};
/* End PBXContainerItemProxy section */

/* Begin PBXFileReference section */
		0207DA571B56EA530066E2B4 /* Images.xcassets */ = {isa = PBXFileReference; lastKnownFileType = folder.assetcatalog; name = Images.xcassets; path = "Carl Warren/Images.xcassets"; sourceTree = SOURCE_ROOT; };
		023C060664F5487AA4FB36A6 /* CDVJpegHeaderWriter.h */ = {isa = PBXFileReference; explicitFileType = undefined; fileEncoding = 4; includeInIndex = 0; lastKnownFileType = sourcecode.c.h; name = CDVJpegHeaderWriter.h; path = "cordova-plugin-camera/CDVJpegHeaderWriter.h"; sourceTree = "<group>"; };
		0EFC3FEBA1F64A2CB48F9A8B /* CDVViewController+SplashScreen.m */ = {isa = PBXFileReference; explicitFileType = undefined; fileEncoding = 4; includeInIndex = 0; lastKnownFileType = sourcecode.c.objc; name = "CDVViewController+SplashScreen.m"; path = "cordova-plugin-splashscreen/CDVViewController+SplashScreen.m"; sourceTree = "<group>"; };
		1D3623240D0F684500981E51 /* AppDelegate.h */ = {isa = PBXFileReference; fileEncoding = 4; lastKnownFileType = sourcecode.c.h; path = AppDelegate.h; sourceTree = "<group>"; };
		1D3623250D0F684500981E51 /* AppDelegate.m */ = {isa = PBXFileReference; fileEncoding = 4; lastKnownFileType = sourcecode.c.objc; path = AppDelegate.m; sourceTree = "<group>"; };
		1D6058910D05DD3D006BFB54 /* Carl Warren.app */ = {isa = PBXFileReference; explicitFileType = wrapper.application; includeInIndex = 0; path = "Carl Warren.app"; sourceTree = BUILT_PRODUCTS_DIR; };
		28843A539A3E4FE3A31EFD82 /* CDVLocalFilesystem.h */ = {isa = PBXFileReference; explicitFileType = undefined; fileEncoding = 4; includeInIndex = 0; lastKnownFileType = sourcecode.c.h; name = CDVLocalFilesystem.h; path = "cordova-plugin-file/CDVLocalFilesystem.h"; sourceTree = "<group>"; };
		29B97316FDCFA39411CA2CEA /* main.m */ = {isa = PBXFileReference; fileEncoding = 4; lastKnownFileType = sourcecode.c.objc; path = main.m; sourceTree = "<group>"; };
		301BF52D109A57CC0062928A /* CordovaLib.xcodeproj */ = {isa = PBXFileReference; lastKnownFileType = "wrapper.pb-project"; name = CordovaLib.xcodeproj; path = CordovaLib/CordovaLib.xcodeproj; sourceTree = "<group>"; };
		301BF56E109A69640062928A /* www */ = {isa = PBXFileReference; lastKnownFileType = folder; path = www; sourceTree = SOURCE_ROOT; };
		302D95EE14D2391D003F00A1 /* MainViewController.h */ = {isa = PBXFileReference; fileEncoding = 4; lastKnownFileType = sourcecode.c.h; path = MainViewController.h; sourceTree = "<group>"; };
		302D95EF14D2391D003F00A1 /* MainViewController.m */ = {isa = PBXFileReference; fileEncoding = 4; lastKnownFileType = sourcecode.c.objc; path = MainViewController.m; sourceTree = "<group>"; };
		302D95F014D2391D003F00A1 /* MainViewController.xib */ = {isa = PBXFileReference; fileEncoding = 4; lastKnownFileType = file.xib; path = MainViewController.xib; sourceTree = "<group>"; };
		3047A50F1AB8059700498E2A /* build-debug.xcconfig */ = {isa = PBXFileReference; fileEncoding = 4; lastKnownFileType = text.xcconfig; name = "build-debug.xcconfig"; path = "cordova/build-debug.xcconfig"; sourceTree = SOURCE_ROOT; };
		3047A5101AB8059700498E2A /* build-release.xcconfig */ = {isa = PBXFileReference; fileEncoding = 4; lastKnownFileType = text.xcconfig; name = "build-release.xcconfig"; path = "cordova/build-release.xcconfig"; sourceTree = SOURCE_ROOT; };
		3047A5111AB8059700498E2A /* build.xcconfig */ = {isa = PBXFileReference; fileEncoding = 4; lastKnownFileType = text.xcconfig; name = build.xcconfig; path = cordova/build.xcconfig; sourceTree = SOURCE_ROOT; };
		32CA4F630368D1EE00C91783 /* Carl Warren-Prefix.pch */ = {isa = PBXFileReference; fileEncoding = 4; lastKnownFileType = sourcecode.c.h; path = "Carl Warren-Prefix.pch"; sourceTree = "<group>"; };
		39283F88262F481F8C9960B6 /* UIImage+CropScaleOrientation.m */ = {isa = PBXFileReference; explicitFileType = undefined; fileEncoding = 4; includeInIndex = 0; lastKnownFileType = sourcecode.c.objc; name = "UIImage+CropScaleOrientation.m"; path = "cordova-plugin-camera/UIImage+CropScaleOrientation.m"; sourceTree = "<group>"; };
		3B89CFE3584B4EB5891EAA3F /* UIImage+CropScaleOrientation.h */ = {isa = PBXFileReference; explicitFileType = undefined; fileEncoding = 4; includeInIndex = 0; lastKnownFileType = sourcecode.c.h; name = "UIImage+CropScaleOrientation.h"; path = "cordova-plugin-camera/UIImage+CropScaleOrientation.h"; sourceTree = "<group>"; };
		3CF59D715AE8494FB2E7B21E /* CoreTelephony.framework */ = {isa = PBXFileReference; explicitFileType = undefined; fileEncoding = 9; includeInIndex = 0; lastKnownFileType = wrapper.framework; name = CoreTelephony.framework; path = System/Library/Frameworks/CoreTelephony.framework; sourceTree = SDKROOT; };
		4BF9A593972B4B6AB5EA32FD /* CDVFileTransfer.m */ = {isa = PBXFileReference; explicitFileType = undefined; fileEncoding = 4; includeInIndex = 0; lastKnownFileType = sourcecode.c.objc; name = CDVFileTransfer.m; path = "cordova-plugin-file-transfer/CDVFileTransfer.m"; sourceTree = "<group>"; };
		5A482F3175334E6DAC0174EA /* CDVCapture.h */ = {isa = PBXFileReference; explicitFileType = undefined; fileEncoding = 4; includeInIndex = 0; lastKnownFileType = sourcecode.c.h; name = CDVCapture.h; path = "cordova-plugin-media-capture/CDVCapture.h"; sourceTree = "<group>"; };
		5D1729DA132743ECAA89F3C7 /* CDVSplashScreen.h */ = {isa = PBXFileReference; explicitFileType = undefined; fileEncoding = 4; includeInIndex = 0; lastKnownFileType = sourcecode.c.h; name = CDVSplashScreen.h; path = "cordova-plugin-splashscreen/CDVSplashScreen.h"; sourceTree = "<group>"; };
		6374499D13794BD7A90AAAD1 /* CDVLocation.m */ = {isa = PBXFileReference; explicitFileType = undefined; fileEncoding = 4; includeInIndex = 0; lastKnownFileType = sourcecode.c.objc; name = CDVLocation.m; path = "cordova-plugin-geolocation/CDVLocation.m"; sourceTree = "<group>"; };
		66FC5034B62848A5B515669E /* CDVCamera.h */ = {isa = PBXFileReference; explicitFileType = undefined; fileEncoding = 4; includeInIndex = 0; lastKnownFileType = sourcecode.c.h; name = CDVCamera.h; path = "cordova-plugin-camera/CDVCamera.h"; sourceTree = "<group>"; };
		6AE73262D5ED4E959FC22D79 /* CDVLocalFilesystem.m */ = {isa = PBXFileReference; explicitFileType = undefined; fileEncoding = 4; includeInIndex = 0; lastKnownFileType = sourcecode.c.objc; name = CDVLocalFilesystem.m; path = "cordova-plugin-file/CDVLocalFilesystem.m"; sourceTree = "<group>"; };
		6DF99E0EF68A4509B278F3D0 /* CDVCapture.bundle */ = {isa = PBXFileReference; explicitFileType = undefined; fileEncoding = 9; includeInIndex = 0; lastKnownFileType = "wrapper.plug-in"; path = CDVCapture.bundle; sourceTree = "<group>"; };
		74F98C705E214B92BB721279 /* ImageIO.framework */ = {isa = PBXFileReference; explicitFileType = undefined; fileEncoding = 9; includeInIndex = 0; lastKnownFileType = wrapper.framework; name = ImageIO.framework; path = System/Library/Frameworks/ImageIO.framework; sourceTree = SDKROOT; };
		79E1985A321F44DEA9AB5DC3 /* CDVStatusBar.h */ = {isa = PBXFileReference; explicitFileType = undefined; fileEncoding = 4; includeInIndex = 0; lastKnownFileType = sourcecode.c.h; name = CDVStatusBar.h; path = "cordova-plugin-statusbar/CDVStatusBar.h"; sourceTree = "<group>"; };
		7AEF2F463DC44CAD97042DFA /* CDVCapture.m */ = {isa = PBXFileReference; explicitFileType = undefined; fileEncoding = 4; includeInIndex = 0; lastKnownFileType = sourcecode.c.objc; name = CDVCapture.m; path = "cordova-plugin-media-capture/CDVCapture.m"; sourceTree = "<group>"; };
		7C6A6E55FB7A4032B47A3A53 /* CDVCamera.m */ = {isa = PBXFileReference; explicitFileType = undefined; fileEncoding = 4; includeInIndex = 0; lastKnownFileType = sourcecode.c.objc; name = CDVCamera.m; path = "cordova-plugin-camera/CDVCamera.m"; sourceTree = "<group>"; };
		8194F9F419634C01983DB794 /* CDVReachability.h */ = {isa = PBXFileReference; explicitFileType = undefined; fileEncoding = 4; includeInIndex = 0; lastKnownFileType = sourcecode.c.h; name = CDVReachability.h; path = "cordova-plugin-network-information/CDVReachability.h"; sourceTree = "<group>"; };
		89B313B1F39B425197BCB326 /* CoreLocation.framework */ = {isa = PBXFileReference; explicitFileType = undefined; fileEncoding = 9; includeInIndex = 0; lastKnownFileType = wrapper.framework; name = CoreLocation.framework; path = System/Library/Frameworks/CoreLocation.framework; sourceTree = SDKROOT; };
		8A5681D3FE234B559265A5E2 /* YoikScreenOrientation.h */ = {isa = PBXFileReference; explicitFileType = undefined; fileEncoding = 4; includeInIndex = 0; lastKnownFileType = sourcecode.c.h; name = YoikScreenOrientation.h; path = "cordova-plugin-screen-orientation/YoikScreenOrientation.h"; sourceTree = "<group>"; };
		8AAACFBFCE274D178AFCDEB7 /* CDVViewController+SplashScreen.h */ = {isa = PBXFileReference; explicitFileType = undefined; fileEncoding = 4; includeInIndex = 0; lastKnownFileType = sourcecode.c.h; name = "CDVViewController+SplashScreen.h"; path = "cordova-plugin-splashscreen/CDVViewController+SplashScreen.h"; sourceTree = "<group>"; };
		8B5BE8DF029F4283AE7A4A76 /* FileOpener2.m */ = {isa = PBXFileReference; explicitFileType = undefined; fileEncoding = 4; includeInIndex = 0; lastKnownFileType = sourcecode.c.objc; name = FileOpener2.m; path = "cordova-plugin-file-opener2/FileOpener2.m"; sourceTree = "<group>"; };
		8CDA50A40EFE4F4686735513 /* FileOpener2.h */ = {isa = PBXFileReference; explicitFileType = undefined; fileEncoding = 4; includeInIndex = 0; lastKnownFileType = sourcecode.c.h; name = FileOpener2.h; path = "cordova-plugin-file-opener2/FileOpener2.h"; sourceTree = "<group>"; };
		8D1107310486CEB800E47090 /* Carl Warren-Info.plist */ = {isa = PBXFileReference; fileEncoding = 4; lastKnownFileType = text.plist.xml; name = "Carl Warren-Info.plist"; path = "Carl Warren/Carl Warren-Info.plist"; plistStructureDefinitionIdentifier = "com.apple.xcode.plist.structure-definition.iphone.info-plist"; sourceTree = SOURCE_ROOT; };
		8E40CB399D934BAAB23C994F /* AVFoundation.framework */ = {isa = PBXFileReference; explicitFileType = undefined; fileEncoding = 9; includeInIndex = 0; lastKnownFileType = wrapper.framework; name = AVFoundation.framework; path = System/Library/Frameworks/AVFoundation.framework; sourceTree = SDKROOT; };
		92D06349A17E4E92BF19DDFA /* CDVFile.m */ = {isa = PBXFileReference; explicitFileType = undefined; fileEncoding = 4; includeInIndex = 0; lastKnownFileType = sourcecode.c.objc; name = CDVFile.m; path = "cordova-plugin-file/CDVFile.m"; sourceTree = "<group>"; };
		983A89A613C14E9797E2A585 /* CDVFile.h */ = {isa = PBXFileReference; explicitFileType = undefined; fileEncoding = 4; includeInIndex = 0; lastKnownFileType = sourcecode.c.h; name = CDVFile.h; path = "cordova-plugin-file/CDVFile.h"; sourceTree = "<group>"; };
		A8023C80D2DB47CEAEF3E324 /* CDVReachability.m */ = {isa = PBXFileReference; explicitFileType = undefined; fileEncoding = 4; includeInIndex = 0; lastKnownFileType = sourcecode.c.objc; name = CDVReachability.m; path = "cordova-plugin-network-information/CDVReachability.m"; sourceTree = "<group>"; };
		B2644AF3421C43C4AD5C9C1A /* CDVAssetLibraryFilesystem.m */ = {isa = PBXFileReference; explicitFileType = undefined; fileEncoding = 4; includeInIndex = 0; lastKnownFileType = sourcecode.c.objc; name = CDVAssetLibraryFilesystem.m; path = "cordova-plugin-file/CDVAssetLibraryFilesystem.m"; sourceTree = "<group>"; };
		B3C2E0DFE03B435E9095A3F2 /* CDVInAppBrowser.m */ = {isa = PBXFileReference; explicitFileType = undefined; fileEncoding = 4; includeInIndex = 0; lastKnownFileType = sourcecode.c.objc; name = CDVInAppBrowser.m; path = "cordova-plugin-inappbrowser/CDVInAppBrowser.m"; sourceTree = "<group>"; };
		B5618AC6212D4E6D8AFE89F9 /* CDVViewController+UpdateSupportedOrientations.m */ = {isa = PBXFileReference; explicitFileType = undefined; fileEncoding = 4; includeInIndex = 0; lastKnownFileType = sourcecode.c.objc; name = "CDVViewController+UpdateSupportedOrientations.m"; path = "cordova-plugin-screen-orientation/CDVViewController+UpdateSupportedOrientations.m"; sourceTree = "<group>"; };
		B6DC520861CC481FB86966D5 /* CDVFileTransfer.h */ = {isa = PBXFileReference; explicitFileType = undefined; fileEncoding = 4; includeInIndex = 0; lastKnownFileType = sourcecode.c.h; name = CDVFileTransfer.h; path = "cordova-plugin-file-transfer/CDVFileTransfer.h"; sourceTree = "<group>"; };
		BBB436DCED4C41C68A8EB2D5 /* YoikScreenOrientation.m */ = {isa = PBXFileReference; explicitFileType = undefined; fileEncoding = 4; includeInIndex = 0; lastKnownFileType = sourcecode.c.objc; name = YoikScreenOrientation.m; path = "cordova-plugin-screen-orientation/YoikScreenOrientation.m"; sourceTree = "<group>"; };
		BBB7A9041E9840D298D18BDB /* CDVInAppBrowser.h */ = {isa = PBXFileReference; explicitFileType = undefined; fileEncoding = 4; includeInIndex = 0; lastKnownFileType = sourcecode.c.h; name = CDVInAppBrowser.h; path = "cordova-plugin-inappbrowser/CDVInAppBrowser.h"; sourceTree = "<group>"; };
		C01B0DA3A92341E985857989 /* CDVSplashScreen.m */ = {isa = PBXFileReference; explicitFileType = undefined; fileEncoding = 4; includeInIndex = 0; lastKnownFileType = sourcecode.c.objc; name = CDVSplashScreen.m; path = "cordova-plugin-splashscreen/CDVSplashScreen.m"; sourceTree = "<group>"; };
		C082A1B4293544EFA1B7B725 /* SystemConfiguration.framework */ = {isa = PBXFileReference; explicitFileType = undefined; fileEncoding = 9; includeInIndex = 0; lastKnownFileType = wrapper.framework; name = SystemConfiguration.framework; path = System/Library/Frameworks/SystemConfiguration.framework; sourceTree = SDKROOT; };
		CDE4D70D8D9342D5929331C7 /* CDVLocation.h */ = {isa = PBXFileReference; explicitFileType = undefined; fileEncoding = 4; includeInIndex = 0; lastKnownFileType = sourcecode.c.h; name = CDVLocation.h; path = "cordova-plugin-geolocation/CDVLocation.h"; sourceTree = "<group>"; };
		E9F970F1D27346A189BFFF89 /* CDVConnection.h */ = {isa = PBXFileReference; explicitFileType = undefined; fileEncoding = 4; includeInIndex = 0; lastKnownFileType = sourcecode.c.h; name = CDVConnection.h; path = "cordova-plugin-network-information/CDVConnection.h"; sourceTree = "<group>"; };
		EB87FDF31871DA8E0020F90C /* www */ = {isa = PBXFileReference; lastKnownFileType = folder; name = www; path = ../../www; sourceTree = "<group>"; };
		EB87FDF41871DAF40020F90C /* config.xml */ = {isa = PBXFileReference; lastKnownFileType = text.xml; name = config.xml; path = ../../config.xml; sourceTree = "<group>"; };
		ED2ABF50C9CB4088BE5F2BAC /* CDVStatusBar.m */ = {isa = PBXFileReference; explicitFileType = undefined; fileEncoding = 4; includeInIndex = 0; lastKnownFileType = sourcecode.c.objc; name = CDVStatusBar.m; path = "cordova-plugin-statusbar/CDVStatusBar.m"; sourceTree = "<group>"; };
		ED33DF2A687741AEAF9F8254 /* Bridging-Header.h */ = {isa = PBXFileReference; fileEncoding = 4; lastKnownFileType = sourcecode.c.h; path = "Bridging-Header.h"; sourceTree = "<group>"; };
		EFD4075553664B2BB04EF2C9 /* CDVExif.h */ = {isa = PBXFileReference; explicitFileType = undefined; fileEncoding = 4; includeInIndex = 0; lastKnownFileType = sourcecode.c.h; name = CDVExif.h; path = "cordova-plugin-camera/CDVExif.h"; sourceTree = "<group>"; };
		F087E15111B64DD9967F47FD /* CDVViewController+UpdateSupportedOrientations.h */ = {isa = PBXFileReference; explicitFileType = undefined; fileEncoding = 4; includeInIndex = 0; lastKnownFileType = sourcecode.c.h; name = "CDVViewController+UpdateSupportedOrientations.h"; path = "cordova-plugin-screen-orientation/CDVViewController+UpdateSupportedOrientations.h"; sourceTree = "<group>"; };
		F437AEE79209497C965D570D /* CDVJpegHeaderWriter.m */ = {isa = PBXFileReference; explicitFileType = undefined; fileEncoding = 4; includeInIndex = 0; lastKnownFileType = sourcecode.c.objc; name = CDVJpegHeaderWriter.m; path = "cordova-plugin-camera/CDVJpegHeaderWriter.m"; sourceTree = "<group>"; };
		F840E1F0165FE0F500CFE078 /* config.xml */ = {isa = PBXFileReference; lastKnownFileType = text.xml; name = config.xml; path = "Carl Warren/config.xml"; sourceTree = "<group>"; };
		FD1521C7329F470B959530F8 /* CDVConnection.m */ = {isa = PBXFileReference; explicitFileType = undefined; fileEncoding = 4; includeInIndex = 0; lastKnownFileType = sourcecode.c.objc; name = CDVConnection.m; path = "cordova-plugin-network-information/CDVConnection.m"; sourceTree = "<group>"; };
		FD9A27299E9D42248AB23FA8 /* CDVAssetLibraryFilesystem.h */ = {isa = PBXFileReference; explicitFileType = undefined; fileEncoding = 4; includeInIndex = 0; lastKnownFileType = sourcecode.c.h; name = CDVAssetLibraryFilesystem.h; path = "cordova-plugin-file/CDVAssetLibraryFilesystem.h"; sourceTree = "<group>"; };
/* End PBXFileReference section */

/* Begin PBXFrameworksBuildPhase section */
		1D60588F0D05DD3D006BFB54 /* Frameworks */ = {
			isa = PBXFrameworksBuildPhase;
			buildActionMask = 2147483647;
			files = (
				301BF552109A68D80062928A /* libCordova.a in Frameworks */,
				9E2C4BE9F0AD4C2C9512F78B /* ImageIO.framework in Frameworks */,
				28BADB88FE084D268A450714 /* CoreLocation.framework in Frameworks */,
				52B15D0640F7475385B62CE5 /* AVFoundation.framework in Frameworks */,
				C4EC82A547FB411DA7C4741B /* SystemConfiguration.framework in Frameworks */,
				831FA1E1930B411FB4442DCE /* CoreTelephony.framework in Frameworks */,
			);
			runOnlyForDeploymentPostprocessing = 0;
		};
/* End PBXFrameworksBuildPhase section */

/* Begin PBXGroup section */
		080E96DDFE201D6D7F000001 /* Classes */ = {
			isa = PBXGroup;
			children = (
				302D95EE14D2391D003F00A1 /* MainViewController.h */,
				302D95EF14D2391D003F00A1 /* MainViewController.m */,
				302D95F014D2391D003F00A1 /* MainViewController.xib */,
				1D3623240D0F684500981E51 /* AppDelegate.h */,
				1D3623250D0F684500981E51 /* AppDelegate.m */,
			);
			name = Classes;
			path = "Carl Warren/Classes";
			sourceTree = SOURCE_ROOT;
		};
		19C28FACFE9D520D11CA2CBB /* Products */ = {
			isa = PBXGroup;
			children = (
				1D6058910D05DD3D006BFB54 /* Carl Warren.app */,
			);
			name = Products;
			sourceTree = "<group>";
		};
		29B97314FDCFA39411CA2CEA /* CustomTemplate */ = {
			isa = PBXGroup;
			children = (
				EB87FDF41871DAF40020F90C /* config.xml */,
				EB87FDF31871DA8E0020F90C /* www */,
				EB87FDF11871DA420020F90C /* Staging */,
				301BF52D109A57CC0062928A /* CordovaLib.xcodeproj */,
				080E96DDFE201D6D7F000001 /* Classes */,
				307C750510C5A3420062BCA9 /* Plugins */,
				29B97315FDCFA39411CA2CEA /* Other Sources */,
				29B97317FDCFA39411CA2CEA /* Resources */,
				29B97323FDCFA39411CA2CEA /* Frameworks */,
				19C28FACFE9D520D11CA2CBB /* Products */,
			);
			name = CustomTemplate;
			sourceTree = "<group>";
		};
		29B97315FDCFA39411CA2CEA /* Other Sources */ = {
			isa = PBXGroup;
			children = (
				32CA4F630368D1EE00C91783 /* Carl Warren-Prefix.pch */,
				29B97316FDCFA39411CA2CEA /* main.m */,
				ED33DF2A687741AEAF9F8254 /* Bridging-Header.h */,
			);
			name = "Other Sources";
			path = "Carl Warren";
			sourceTree = "<group>";
		};
		29B97317FDCFA39411CA2CEA /* Resources */ = {
			isa = PBXGroup;
			children = (
				0207DA571B56EA530066E2B4 /* Images.xcassets */,
				3047A50E1AB8057F00498E2A /* config */,
				8D1107310486CEB800E47090 /* Carl Warren-Info.plist */,
				6DF99E0EF68A4509B278F3D0 /* CDVCapture.bundle */,
			);
			name = Resources;
			path = "Carl Warren/Resources";
			sourceTree = "<group>";
		};
		29B97323FDCFA39411CA2CEA /* Frameworks */ = {
			isa = PBXGroup;
			children = (
				74F98C705E214B92BB721279 /* ImageIO.framework */,
				89B313B1F39B425197BCB326 /* CoreLocation.framework */,
				8E40CB399D934BAAB23C994F /* AVFoundation.framework */,
				C082A1B4293544EFA1B7B725 /* SystemConfiguration.framework */,
				3CF59D715AE8494FB2E7B21E /* CoreTelephony.framework */,
			);
			name = Frameworks;
			sourceTree = "<group>";
		};
		301BF52E109A57CC0062928A /* Products */ = {
			isa = PBXGroup;
			children = (
				301BF535109A57CC0062928A /* libCordova.a */,
			);
			name = Products;
			sourceTree = "<group>";
		};
		3047A50E1AB8057F00498E2A /* config */ = {
			isa = PBXGroup;
			children = (
				3047A50F1AB8059700498E2A /* build-debug.xcconfig */,
				3047A5101AB8059700498E2A /* build-release.xcconfig */,
				3047A5111AB8059700498E2A /* build.xcconfig */,
			);
			name = config;
			sourceTree = "<group>";
		};
		307C750510C5A3420062BCA9 /* Plugins */ = {
			isa = PBXGroup;
			children = (
				39283F88262F481F8C9960B6 /* UIImage+CropScaleOrientation.m */,
				7C6A6E55FB7A4032B47A3A53 /* CDVCamera.m */,
				F437AEE79209497C965D570D /* CDVJpegHeaderWriter.m */,
				3B89CFE3584B4EB5891EAA3F /* UIImage+CropScaleOrientation.h */,
				66FC5034B62848A5B515669E /* CDVCamera.h */,
				023C060664F5487AA4FB36A6 /* CDVJpegHeaderWriter.h */,
				EFD4075553664B2BB04EF2C9 /* CDVExif.h */,
				92D06349A17E4E92BF19DDFA /* CDVFile.m */,
				6AE73262D5ED4E959FC22D79 /* CDVLocalFilesystem.m */,
				B2644AF3421C43C4AD5C9C1A /* CDVAssetLibraryFilesystem.m */,
				983A89A613C14E9797E2A585 /* CDVFile.h */,
				28843A539A3E4FE3A31EFD82 /* CDVLocalFilesystem.h */,
				FD9A27299E9D42248AB23FA8 /* CDVAssetLibraryFilesystem.h */,
				8B5BE8DF029F4283AE7A4A76 /* FileOpener2.m */,
				8CDA50A40EFE4F4686735513 /* FileOpener2.h */,
				4BF9A593972B4B6AB5EA32FD /* CDVFileTransfer.m */,
				B6DC520861CC481FB86966D5 /* CDVFileTransfer.h */,
				6374499D13794BD7A90AAAD1 /* CDVLocation.m */,
				CDE4D70D8D9342D5929331C7 /* CDVLocation.h */,
				B3C2E0DFE03B435E9095A3F2 /* CDVInAppBrowser.m */,
				BBB7A9041E9840D298D18BDB /* CDVInAppBrowser.h */,
				7AEF2F463DC44CAD97042DFA /* CDVCapture.m */,
				5A482F3175334E6DAC0174EA /* CDVCapture.h */,
				FD1521C7329F470B959530F8 /* CDVConnection.m */,
				A8023C80D2DB47CEAEF3E324 /* CDVReachability.m */,
				E9F970F1D27346A189BFFF89 /* CDVConnection.h */,
				8194F9F419634C01983DB794 /* CDVReachability.h */,
				BBB436DCED4C41C68A8EB2D5 /* YoikScreenOrientation.m */,
				B5618AC6212D4E6D8AFE89F9 /* CDVViewController+UpdateSupportedOrientations.m */,
				8A5681D3FE234B559265A5E2 /* YoikScreenOrientation.h */,
				F087E15111B64DD9967F47FD /* CDVViewController+UpdateSupportedOrientations.h */,
				C01B0DA3A92341E985857989 /* CDVSplashScreen.m */,
				0EFC3FEBA1F64A2CB48F9A8B /* CDVViewController+SplashScreen.m */,
				5D1729DA132743ECAA89F3C7 /* CDVSplashScreen.h */,
				8AAACFBFCE274D178AFCDEB7 /* CDVViewController+SplashScreen.h */,
				ED2ABF50C9CB4088BE5F2BAC /* CDVStatusBar.m */,
				79E1985A321F44DEA9AB5DC3 /* CDVStatusBar.h */,
			);
			name = Plugins;
			path = "Carl Warren/Plugins";
			sourceTree = SOURCE_ROOT;
		};
		EB87FDF11871DA420020F90C /* Staging */ = {
			isa = PBXGroup;
			children = (
				F840E1F0165FE0F500CFE078 /* config.xml */,
				301BF56E109A69640062928A /* www */,
			);
			name = Staging;
			sourceTree = "<group>";
		};
/* End PBXGroup section */

/* Begin PBXNativeTarget section */
		1D6058900D05DD3D006BFB54 /* Carl Warren */ = {
			isa = PBXNativeTarget;
			buildConfigurationList = 1D6058960D05DD3E006BFB54 /* Build configuration list for PBXNativeTarget "Carl Warren" */;
			buildPhases = (
				304B58A110DAC018002A0835 /* Copy www directory */,
				1D60588D0D05DD3D006BFB54 /* Resources */,
				1D60588E0D05DD3D006BFB54 /* Sources */,
				1D60588F0D05DD3D006BFB54 /* Frameworks */,
			);
			buildRules = (
			);
			dependencies = (
				301BF551109A68C00062928A /* PBXTargetDependency */,
			);
			name = "Carl Warren";
			productName = "Carl Warren";
			productReference = 1D6058910D05DD3D006BFB54 /* Carl Warren.app */;
			productType = "com.apple.product-type.application";
		};
/* End PBXNativeTarget section */

/* Begin PBXProject section */
		29B97313FDCFA39411CA2CEA /* Project object */ = {
			isa = PBXProject;
			attributes = {
				LastUpgradeCheck = 510;
				TargetAttributes = {
					1D6058900D05DD3D006BFB54 = {
						DevelopmentTeam = 4EW89GEZZ7;
						ProvisioningStyle = Manual;
					};
				};
			};
			buildConfigurationList = C01FCF4E08A954540054247B /* Build configuration list for PBXProject "Carl Warren" */;
			compatibilityVersion = "Xcode 3.2";
			developmentRegion = English;
			hasScannedForEncodings = 1;
			knownRegions = (
				en,
			);
			mainGroup = 29B97314FDCFA39411CA2CEA /* CustomTemplate */;
			projectDirPath = "";
			projectReferences = (
				{
					ProductGroup = 301BF52E109A57CC0062928A /* Products */;
					ProjectRef = 301BF52D109A57CC0062928A /* CordovaLib.xcodeproj */;
				},
			);
			projectRoot = "";
			targets = (
				1D6058900D05DD3D006BFB54 /* Carl Warren */,
			);
		};
/* End PBXProject section */

/* Begin PBXReferenceProxy section */
		301BF535109A57CC0062928A /* libCordova.a */ = {
			isa = PBXReferenceProxy;
			fileType = archive.ar;
			path = libCordova.a;
			remoteRef = 301BF534109A57CC0062928A /* PBXContainerItemProxy */;
			sourceTree = BUILT_PRODUCTS_DIR;
		};
/* End PBXReferenceProxy section */

/* Begin PBXResourcesBuildPhase section */
		1D60588D0D05DD3D006BFB54 /* Resources */ = {
			isa = PBXResourcesBuildPhase;
			buildActionMask = 2147483647;
			files = (
				302D95F214D2391D003F00A1 /* MainViewController.xib in Resources */,
				3047A5131AB8059700498E2A /* build-release.xcconfig in Resources */,
				3047A5141AB8059700498E2A /* build.xcconfig in Resources */,
				0207DA581B56EA530066E2B4 /* Images.xcassets in Resources */,
				3047A5121AB8059700498E2A /* build-debug.xcconfig in Resources */,
				C63D780DDDA0444998DA6F0E /* CDVCapture.bundle in Resources */,
			);
			runOnlyForDeploymentPostprocessing = 0;
		};
/* End PBXResourcesBuildPhase section */

/* Begin PBXShellScriptBuildPhase section */
		304B58A110DAC018002A0835 /* Copy www directory */ = {
			isa = PBXShellScriptBuildPhase;
			buildActionMask = 2147483647;
			files = (
			);
			inputPaths = (
			);
			name = "Copy www directory";
			outputPaths = (
			);
			runOnlyForDeploymentPostprocessing = 0;
			shellPath = /bin/sh;
			shellScript = "NODEJS_PATH=/usr/local/bin; NVM_NODE_PATH=~/.nvm/versions/node/`nvm version 2>/dev/null`/bin; N_NODE_PATH=`find /usr/local/n/versions/node/* -maxdepth 0 -type d 2>/dev/null | tail -1`/bin; XCODE_NODE_PATH=`xcode-select --print-path`/usr/share/xcs/Node/bin; PATH=$NODEJS_PATH:$NVM_NODE_PATH:$N_NODE_PATH:$XCODE_NODE_PATH:$PATH && node cordova/lib/copy-www-build-step.js";
			showEnvVarsInLog = 0;
		};
/* End PBXShellScriptBuildPhase section */

/* Begin PBXSourcesBuildPhase section */
		1D60588E0D05DD3D006BFB54 /* Sources */ = {
			isa = PBXSourcesBuildPhase;
			buildActionMask = 2147483647;
			files = (
				1D60589B0D05DD56006BFB54 /* main.m in Sources */,
				1D3623260D0F684500981E51 /* AppDelegate.m in Sources */,
				302D95F114D2391D003F00A1 /* MainViewController.m in Sources */,
				EDE6BE04C51C4CB5AFF1707D /* UIImage+CropScaleOrientation.m in Sources */,
				619833DC323A4CC1AFE4D312 /* CDVCamera.m in Sources */,
				16370E44D9CC47AF8C95859C /* CDVJpegHeaderWriter.m in Sources */,
				C582C332236944EAB4132A85 /* CDVFile.m in Sources */,
				C3AE67308F4148F1B3035EC4 /* CDVLocalFilesystem.m in Sources */,
				37F51ED1FF4041998A004050 /* CDVAssetLibraryFilesystem.m in Sources */,
				65FEFE7B23334A9FB97C1F49 /* FileOpener2.m in Sources */,
				AEDC3E6DD0D14835801B2DD4 /* CDVFileTransfer.m in Sources */,
				C9CC77D2E1F245B3A6C5113B /* CDVLocation.m in Sources */,
				E3E438F782094EB989DA31C2 /* CDVInAppBrowser.m in Sources */,
				9E42682004D74DFC98650466 /* CDVCapture.m in Sources */,
				445724A92FFF4EFBABD66A0C /* CDVConnection.m in Sources */,
				5D788F6B33F44DCFBF443685 /* CDVReachability.m in Sources */,
				F38FF0A8020E4D569DC81D08 /* YoikScreenOrientation.m in Sources */,
				C38C47AD95DE43E2871BC7D8 /* CDVViewController+UpdateSupportedOrientations.m in Sources */,
				73739795FB1145E1B3C33EA9 /* CDVSplashScreen.m in Sources */,
				92B9E23D6930421793FDB9A0 /* CDVViewController+SplashScreen.m in Sources */,
				7A0DC762A9354E70B95E206B /* CDVStatusBar.m in Sources */,
			);
			runOnlyForDeploymentPostprocessing = 0;
		};
/* End PBXSourcesBuildPhase section */

/* Begin PBXTargetDependency section */
		301BF551109A68C00062928A /* PBXTargetDependency */ = {
			isa = PBXTargetDependency;
			name = CordovaLib;
			targetProxy = 301BF550109A68C00062928A /* PBXContainerItemProxy */;
		};
/* End PBXTargetDependency section */

/* Begin XCBuildConfiguration section */
		1D6058940D05DD3E006BFB54 /* Debug */ = {
			isa = XCBuildConfiguration;
			baseConfigurationReference = 3047A50F1AB8059700498E2A /* build-debug.xcconfig */;
			buildSettings = {
				ALWAYS_SEARCH_USER_PATHS = NO;
				ASSETCATALOG_COMPILER_APPICON_NAME = AppIcon;
				ASSETCATALOG_COMPILER_LAUNCHIMAGE_NAME = LaunchImage;
				CLANG_ENABLE_MODULES = YES;
				CLANG_ENABLE_OBJC_ARC = YES;
				CODE_SIGN_IDENTITY = "iPhone Distribution: Blake Information Solutions, Inc (4EW89GEZZ7)";
				COPY_PHASE_STRIP = NO;
				DEVELOPMENT_TEAM = 4EW89GEZZ7;
				GCC_DYNAMIC_NO_PIC = NO;
				GCC_OPTIMIZATION_LEVEL = 0;
				GCC_PRECOMPILE_PREFIX_HEADER = YES;
				GCC_PREFIX_HEADER = "Carl Warren/Carl Warren-Prefix.pch";
				GCC_THUMB_SUPPORT = NO;
				GCC_VERSION = "";
				INFOPLIST_FILE = "Carl Warren/Carl Warren-Info.plist";
				LD_RUNPATH_SEARCH_PATHS = "@executable_path/Frameworks";
				PRODUCT_NAME = "Carl Warren";
				PROVISIONING_PROFILE = "6b3e6886-00da-4874-a4cf-c60af990aaf6";
				PROVISIONING_PROFILE_SPECIFIER = "carl-app125";
				TARGETED_DEVICE_FAMILY = 1;
			};
			name = Debug;
		};
		1D6058950D05DD3E006BFB54 /* Release */ = {
			isa = XCBuildConfiguration;
			baseConfigurationReference = 3047A5101AB8059700498E2A /* build-release.xcconfig */;
			buildSettings = {
				ALWAYS_SEARCH_USER_PATHS = NO;
				ASSETCATALOG_COMPILER_APPICON_NAME = AppIcon;
				ASSETCATALOG_COMPILER_LAUNCHIMAGE_NAME = LaunchImage;
				CLANG_ENABLE_MODULES = YES;
				CLANG_ENABLE_OBJC_ARC = YES;
				CODE_SIGN_IDENTITY = "iPhone Distribution: Blake Information Solutions, Inc (4EW89GEZZ7)";
				"CODE_SIGN_IDENTITY[sdk=iphoneos*]" = "iPhone Distribution: Blake Information Solutions, Inc (4EW89GEZZ7)";
				COPY_PHASE_STRIP = YES;
				DEVELOPMENT_TEAM = 4EW89GEZZ7;
				GCC_PRECOMPILE_PREFIX_HEADER = YES;
				GCC_PREFIX_HEADER = "Carl Warren/Carl Warren-Prefix.pch";
				GCC_THUMB_SUPPORT = NO;
				GCC_VERSION = "";
				INFOPLIST_FILE = "Carl Warren/Carl Warren-Info.plist";
				PRODUCT_NAME = "Carl Warren";
				PROVISIONING_PROFILE = "6b3e6886-00da-4874-a4cf-c60af990aaf6";
				PROVISIONING_PROFILE_SPECIFIER = "carl-app125";
				TARGETED_DEVICE_FAMILY = 1;
			};
			name = Release;
		};
		C01FCF4F08A954540054247B /* Debug */ = {
			isa = XCBuildConfiguration;
			baseConfigurationReference = 3047A5111AB8059700498E2A /* build.xcconfig */;
			buildSettings = {
				CLANG_ENABLE_MODULES = YES;
				CLANG_ENABLE_OBJC_ARC = YES;
				CLANG_WARN_BOOL_CONVERSION = YES;
				CLANG_WARN_CONSTANT_CONVERSION = YES;
				CLANG_WARN_EMPTY_BODY = YES;
				CLANG_WARN_ENUM_CONVERSION = YES;
				CLANG_WARN_INT_CONVERSION = YES;
				CLANG_WARN__DUPLICATE_METHOD_MATCH = YES;
				CODE_SIGN_IDENTITY = "iPhone Distribution: Blake Information Solutions, Inc (4EW89GEZZ7)";
				DEVELOPMENT_TEAM = 4EW89GEZZ7;
				GCC_C_LANGUAGE_STANDARD = c99;
				GCC_THUMB_SUPPORT = NO;
				GCC_VERSION = "";
				GCC_WARN_ABOUT_RETURN_TYPE = YES;
				GCC_WARN_UNDECLARED_SELECTOR = YES;
				GCC_WARN_UNINITIALIZED_AUTOS = YES;
				GCC_WARN_UNUSED_FUNCTION = YES;
				GCC_WARN_UNUSED_VARIABLE = YES;
				ONLY_ACTIVE_ARCH = YES;
				PROVISIONING_PROFILE = "6b3e6886-00da-4874-a4cf-c60af990aaf6";
				SDKROOT = iphoneos;
				SKIP_INSTALL = NO;
			};
			name = Debug;
		};
		C01FCF5008A954540054247B /* Release */ = {
			isa = XCBuildConfiguration;
			baseConfigurationReference = 3047A5111AB8059700498E2A /* build.xcconfig */;
			buildSettings = {
				CLANG_ENABLE_MODULES = YES;
				CLANG_ENABLE_OBJC_ARC = YES;
				CLANG_WARN_BOOL_CONVERSION = YES;
				CLANG_WARN_CONSTANT_CONVERSION = YES;
				CLANG_WARN_EMPTY_BODY = YES;
				CLANG_WARN_ENUM_CONVERSION = YES;
				CLANG_WARN_INT_CONVERSION = YES;
				CLANG_WARN__DUPLICATE_METHOD_MATCH = YES;
				CODE_SIGN_IDENTITY = "iPhone Distribution: Blake Information Solutions, Inc (4EW89GEZZ7)";
				DEVELOPMENT_TEAM = 4EW89GEZZ7;
				GCC_C_LANGUAGE_STANDARD = c99;
				GCC_THUMB_SUPPORT = NO;
				GCC_VERSION = "";
				GCC_WARN_ABOUT_RETURN_TYPE = YES;
				GCC_WARN_UNDECLARED_SELECTOR = YES;
				GCC_WARN_UNINITIALIZED_AUTOS = YES;
				GCC_WARN_UNUSED_FUNCTION = YES;
				GCC_WARN_UNUSED_VARIABLE = YES;
				PROVISIONING_PROFILE = "6b3e6886-00da-4874-a4cf-c60af990aaf6";
				SDKROOT = iphoneos;
				SKIP_INSTALL = NO;
			};
			name = Release;
		};
/* End XCBuildConfiguration section */

/* Begin XCConfigurationList section */
		1D6058960D05DD3E006BFB54 /* Build configuration list for PBXNativeTarget "Carl Warren" */ = {
			isa = XCConfigurationList;
			buildConfigurations = (
				1D6058940D05DD3E006BFB54 /* Debug */,
				1D6058950D05DD3E006BFB54 /* Release */,
			);
			defaultConfigurationIsVisible = 0;
			defaultConfigurationName = Release;
		};
		C01FCF4E08A954540054247B /* Build configuration list for PBXProject "Carl Warren" */ = {
			isa = XCConfigurationList;
			buildConfigurations = (
				C01FCF4F08A954540054247B /* Debug */,
				C01FCF5008A954540054247B /* Release */,
			);
			defaultConfigurationIsVisible = 0;
			defaultConfigurationName = Release;
		};
/* End XCConfigurationList section */
	};
	rootObject = 29B97313FDCFA39411CA2CEA /* Project object */;
}
